github.com/go-chi/chi/v5 v5.1.0/go.mod h1:DslCQbL2OYiznFReuXYUmQ2hGd1aDpCnlMNITLSKoi8=
github.com/google/uuid v1.6.0/go.mod h1:TIyPZe4MgqvfeYDBFedMoGGpEw/LqOeaOT+nhxU+yHo=
github.com/maddalax/htmgo/framework v0.0.0-20240926200955-44fe5ab25526 h1:/S6oUVfV+4kxqK7qhlxL7kiaY6O7NMLJbMWONgeUtd4=
github.com/maddalax/htmgo/framework v0.0.0-20240926200955-44fe5ab25526/go.mod h1:JBHqkKSv6frIsSlT1itIU0hUTW9NgDcyM6Cf6npK0bQ=
github.com/maddalax/htmgo/framework v0.0.0-20240926202506-cb57375f6373 h1:r3u5SKD5dFYm6pqnsExeV30StnWGQ/+6Mxv9fF7vvP8=
github.com/maddalax/htmgo/framework v0.0.0-20240926202506-cb57375f6373/go.mod h1:JBHqkKSv6frIsSlT1itIU0hUTW9NgDcyM6Cf6npK0bQ=
github.com/maddalax/htmgo/framework v0.0.0-20240926202839-ac4c35aae414 h1:TU1TB56RDYD0XKEoZXobOIkZ605sSgvhxEqD53qQWew=
github.com/maddalax/htmgo/framework v0.0.0-20240926202839-ac4c35aae414/go.mod h1:JBHqkKSv6frIsSlT1itIU0hUTW9NgDcyM6Cf6npK0bQ=
github.com/maddalax/htmgo/framework v0.0.0-20240926204641-9d0f397c0409 h1:nN6y/y3qoTh4TAmE13BqtxeAFGTHwlKH5PYs80NBT5Q=
github.com/maddalax/htmgo/framework v0.0.0-20240926204641-9d0f397c0409/go.mod h1:JBHqkKSv6frIsSlT1itIU0hUTW9NgDcyM6Cf6npK0bQ=
github.com/maddalax/htmgo/framework v0.0.0-20240926210145-dc4b710ef244 h1:kSQHKZLbaj7QfvCF6Lp0HqEluSWX/0kHnHEaECUfaBY=
github.com/maddalax/htmgo/framework v0.0.0-20240926210145-dc4b710ef244/go.mod h1:HYKI49Pb6oyY2opSJdTt145B1vWgfWIDohvlolynv80=
github.com/maddalax/htmgo/framework v0.0.0-20240926211224-80b3a1d1a66a h1:RLoGgiB57Y4bVHvlVlRIXaPWpN9vsBVJbGqG4hdwf6A=
github.com/maddalax/htmgo/framework v0.0.0-20240926211224-80b3a1d1a66a/go.mod h1:HYKI49Pb6oyY2opSJdTt145B1vWgfWIDohvlolynv80=
github.com/maddalax/htmgo/framework v0.0.0-20240926220034-f2c4574e9611 h1:8Rce7GPfosRxT3Gx9Vb1db4zUqW8JUseuULmv0haSlk=
github.com/maddalax/htmgo/framework v0.0.0-20240926220034-f2c4574e9611/go.mod h1:HYKI49Pb6oyY2opSJdTt145B1vWgfWIDohvlolynv80=
github.com/maddalax/htmgo/framework v0.0.0-20240927021509-a8b79ea8e368 h1:6MhgKot+CWjSIrQ6FTJTIznVbHDvOefREXAQ/Z4jCIA=
github.com/maddalax/htmgo/framework v0.0.0-20240927021509-a8b79ea8e368/go.mod h1:HYKI49Pb6oyY2opSJdTt145B1vWgfWIDohvlolynv80=
github.com/maddalax/htmgo/framework v0.0.0-20240927021901-3c4927f918da h1:ZfKB93c1NT2NwuKOwl0EsfQmgCsInFxPbdqwZRLGHno=
github.com/maddalax/htmgo/framework v0.0.0-20240927021901-3c4927f918da/go.mod h1:HYKI49Pb6oyY2opSJdTt145B1vWgfWIDohvlolynv80=
